github.com/hashicorp/go-version v1.3.0 h1:McDWVJIU/y+u1BRV06dPaLfLCaT7fUTJLp5r04x7iNw=
github.com/hashicorp/go-version v1.3.0/go.mod h1:fltr4n8CU8Ke44wwGCBoEymUuxUHl09ZGVZPK5anwXA=
github.com/jroimartin/gocui v0.5.0 h1:DCZc97zY9dMnHXJSJLLmx9VqiEnAj0yh0eTNpuEtG/4=
github.com/jroimartin/gocui v0.5.0/go.mod h1:l7Hz8DoYoL6NoYnlnaX6XCNR62G7J5FfSW5jEogzaxE=
github.com/mattn/go-runewidth v0.0.9 h1:Lm995f3rfxdpd6TSmuVCHVb/QhupuXlYr8sCI/QdE+0=
github.com/mattn/go-runewidth v0.0.9/go.mod h1:H031xJmbD/WCDINGzjvQ9THkh0rPKHF+m2gUSrubnMI=
github.com/mitchellh/mapstructure v1.4.2 h1:6h7AQ0yhTcIsmFmnAwQls75jp2Gzs4iB8W7pjMO+rqo=
github.com/mitchellh/mapstructure v1.4.2/go.mod h1:bFUtVrKA4DC2yAKiSyO/QUcy7e+RRV2QTWOzhPopBRo=
github.com/nsf/termbox-go v1.1.1 h1:nksUPLCb73Q++DwbYUBEglYBRPZyoXJdrj5L+TkjyZY=
github.com/nsf/termbox-go v1.1.1/go.mod h1:T0cTdVuOwf7pHQNtfhnEbzHbcNyCEcVU4YPpouCbVxo=
github.com/pkg/errors v0.9.1 h1:FEBLx1zS214owpjy7qsBeixbURkuhQAwrK5UwLGTwt4=
github.com/pkg/errors v0.9.1/go.mod h1:bwawxfHBFNV+L2hUp1rHADufV3IMtnDRdf1r5NINEl0=
